
Microsoft Visual Studio Solution File, Format Version 12.00
# Visual Studio Version 17
VisualStudioVersion = 17.4.33110.190
MinimumVisualStudioVersion = 10.0.40219.1
Project("{FAE04EC0-301F-11D3-BF4B-00C04F79EFBC}") = "ExtensionMethod", "ExtensionMethod\ExtensionMethod.csproj", "{8FEE6925-9438-415F-A7A9-4C44FF7A8E6E}"
EndProject
Global
	GlobalSection(SolutionConfigurationPlatforms) = preSolution
		Debug|Any CPU = Debug|Any CPU
		Release|Any CPU = Release|Any CPU
	EndGlobalSection
	GlobalSection(ProjectConfigurationPlatforms) = postSolution
		{8FEE6925-9438-415F-A7A9-4C44FF7A8E6E}.Debug|Any CPU.ActiveCfg = Debug|Any CPU
		{8FEE6925-9438-415F-A7A9-4C44FF7A8E6E}.Debug|Any CPU.Build.0 = Debug|Any CPU
		{8FEE6925-9438-415F-A7A9-4C44FF7A8E6E}.Release|Any CPU.ActiveCfg = Release|Any CPU
		{8FEE6925-9438-415F-A7A9-4C44FF7A8E6E}.Release|Any CPU.Build.0 = Release|Any CPU
	EndGlobalSection
	GlobalSection(SolutionProperties) = preSolution
		HideSolutionNode = FALSE
	EndGlobalSection
	GlobalSection(ExtensibilityGlobals) = postSolution
		SolutionGuid = {B47B094E-77A7-492C-9C0B-212D349B7DEC}
	EndGlobalSection
EndGlobal
